{
  "name": "axe-scanner-schematics",
  "version": "0.1.0",
  "lockfileVersion": 2,
  "requires": true,
  "packages": {
    "": {
      "name": "axe-scanner-schematics",
      "version": "0.1.0",
      "license": "MIT",
      "dependencies": {
        "@angular-devkit/core": "^11.2.1",
        "@angular-devkit/schematics": "^11.2.1",
        "@schematics/angular": "^11.2.1",
        "jasmine-axe": "^1.1.0",
        "rxjs": "^6.6.6",
        "typescript": "~4.1.2"
      },
      "devDependencies": {
        "@types/jasmine": "~3.5.0",
        "@types/node": "^12.11.1",
        "jasmine": "~3.8.0"
      }
    },
    "node_modules/@angular-devkit/core": {
      "version": "11.2.19",
      "license": "MIT",
      "dependencies": {
        "ajv": "6.12.6",
        "fast-json-stable-stringify": "2.1.0",
        "magic-string": "0.25.7",
        "rxjs": "6.6.3",
        "source-map": "0.7.3"
      },
      "engines": {
        "node": ">= 10.13.0",
        "npm": "^6.11.0 || ^7.5.6",
        "yarn": ">= 1.13.0"
      }
    },
    "node_modules/@angular-devkit/core/node_modules/rxjs": {
      "version": "6.6.3",
      "license": "Apache-2.0",
      "dependencies": {
        "tslib": "^1.9.0"
      },
      "engines": {
        "npm": ">=2.0.0"
      }
    },
    "node_modules/@angular-devkit/schematics": {
      "version": "11.2.19",
      "license": "MIT",
      "dependencies": {
        "@angular-devkit/core": "11.2.19",
        "ora": "5.3.0",
        "rxjs": "6.6.3"
      },
      "engines": {
        "node": ">= 10.13.0",
        "npm": "^6.11.0 || ^7.5.6",
        "yarn": ">= 1.13.0"
      }
    },
    "node_modules/@angular-devkit/schematics/node_modules/rxjs": {
      "version": "6.6.3",
      "license": "Apache-2.0",
      "dependencies": {
        "tslib": "^1.9.0"
      },
      "engines": {
        "npm": ">=2.0.0"
      }
    },
    "node_modules/@schematics/angular": {
      "version": "11.2.19",
      "license": "MIT",
      "dependencies": {
        "@angular-devkit/core": "11.2.19",
        "@angular-devkit/schematics": "11.2.19",
        "jsonc-parser": "3.0.0"
      },
      "engines": {
        "node": ">= 10.13.0",
        "npm": "^6.11.0 || ^7.5.6",
        "yarn": ">= 1.13.0"
      }
    },
    "node_modules/@types/jasmine": {
      "version": "3.5.14",
      "resolved": "https://registry.npmjs.org/@types/jasmine/-/jasmine-3.5.14.tgz",
      "integrity": "sha512-Fkgk536sHPqcOtd+Ow+WiUNuk0TSo/BntKkF8wSvcd6M2FvPjeXcUE6Oz/bwDZiUZEaXLslAgw00Q94Pnx6T4w==",
      "dev": true
    },
    "node_modules/@types/node": {
      "version": "12.20.55",
      "resolved": "https://registry.npmjs.org/@types/node/-/node-12.20.55.tgz",
      "integrity": "sha512-J8xLz7q2OFulZ2cyGTLE1TbbZcjpno7FaN6zdJNrgAdrJ+DZzh/uFR6YrTb4C+nXakvud8Q4+rbhoIWlYQbUFQ==",
      "dev": true
    },
    "node_modules/ajv": {
      "version": "6.12.6",
      "license": "MIT",
      "dependencies": {
        "fast-deep-equal": "^3.1.1",
        "fast-json-stable-stringify": "^2.0.0",
        "json-schema-traverse": "^0.4.1",
        "uri-js": "^4.2.2"
      },
      "funding": {
        "type": "github",
        "url": "https://github.com/sponsors/epoberezkin"
      }
    },
    "node_modules/ansi-styles": {
      "version": "4.3.0",
      "license": "MIT",
      "dependencies": {
        "color-convert": "^2.0.1"
      },
      "engines": {
        "node": ">=8"
      },
      "funding": {
        "url": "https://github.com/chalk/ansi-styles?sponsor=1"
      }
    },
    "node_modules/axe-core": {
      "version": "4.7.2",
      "resolved": "https://registry.npmjs.org/axe-core/-/axe-core-4.7.2.tgz",
      "integrity": "sha512-zIURGIS1E1Q4pcrMjp+nnEh+16G56eG/MUllJH8yEvw7asDo7Ac9uhC9KIH5jzpITueEZolfYglnCGIuSBz39g==",
      "engines": {
        "node": ">=4"
      }
    },
    "node_modules/balanced-match": {
      "version": "1.0.2",
      "resolved": "https://registry.npmjs.org/balanced-match/-/balanced-match-1.0.2.tgz",
      "integrity": "sha512-3oSeUO0TMV67hN1AmbXsK4yaqU7tjiHlbxRDZOpH0KW9+CeX4bRAaX0Anxt0tx2MrpRpWwQaPwIlISEJhYU5Pw==",
      "dev": true
    },
    "node_modules/brace-expansion": {
      "version": "1.1.11",
      "resolved": "https://registry.npmjs.org/brace-expansion/-/brace-expansion-1.1.11.tgz",
      "integrity": "sha512-iCuPHDFgrHX7H2vEI/5xpz07zSHB00TpugqhmYtVmMO6518mCuRMoOYFldEBl0g187ufozdaHgWKcYFb61qGiA==",
      "dev": true,
      "dependencies": {
        "balanced-match": "^1.0.0",
        "concat-map": "0.0.1"
      }
    },
    "node_modules/chalk": {
      "version": "4.1.2",
      "license": "MIT",
      "dependencies": {
        "ansi-styles": "^4.1.0",
        "supports-color": "^7.1.0"
      },
      "engines": {
        "node": ">=10"
      },
      "funding": {
        "url": "https://github.com/chalk/chalk?sponsor=1"
      }
    },
    "node_modules/color-convert": {
      "version": "2.0.1",
      "license": "MIT",
      "dependencies": {
        "color-name": "~1.1.4"
      },
      "engines": {
        "node": ">=7.0.0"
      }
    },
    "node_modules/color-name": {
      "version": "1.1.4",
      "license": "MIT"
    },
    "node_modules/concat-map": {
      "version": "0.0.1",
      "resolved": "https://registry.npmjs.org/concat-map/-/concat-map-0.0.1.tgz",
      "integrity": "sha512-/Srv4dswyQNBfohGpz9o6Yb3Gz3SrUDqBH5rTuhGR7ahtlbYKnVxw2bCFMRljaA7EXHaXZ8wsHdodFvbkhKmqg==",
      "dev": true
    },
    "node_modules/fs.realpath": {
      "version": "1.0.0",
      "resolved": "https://registry.npmjs.org/fs.realpath/-/fs.realpath-1.0.0.tgz",
      "integrity": "sha512-OO0pH2lK6a0hZnAdau5ItzHPI6pUlvI7jMVnxUQRtw4owF2wk8lOSabtGDCTP4Ggrg2MbGnWO9X8K1t4+fGMDw==",
      "dev": true
    },
    "node_modules/glob": {
      "version": "7.2.3",
      "resolved": "https://registry.npmjs.org/glob/-/glob-7.2.3.tgz",
      "integrity": "sha512-nFR0zLpU2YCaRxwoCJvL6UvCH2JFyFVIvwTLsIf21AuHlMskA1hhTdk+LlYJtOlYt9v6dvszD2BGRqBL+iQK9Q==",
      "dev": true,
      "dependencies": {
        "fs.realpath": "^1.0.0",
        "inflight": "^1.0.4",
        "inherits": "2",
        "minimatch": "^3.1.1",
        "once": "^1.3.0",
        "path-is-absolute": "^1.0.0"
      },
      "engines": {
        "node": "*"
      },
      "funding": {
        "url": "https://github.com/sponsors/isaacs"
      }
    },
    "node_modules/has-flag": {
      "version": "4.0.0",
      "license": "MIT",
      "engines": {
        "node": ">=8"
      }
    },
    "node_modules/inflight": {
      "version": "1.0.6",
      "resolved": "https://registry.npmjs.org/inflight/-/inflight-1.0.6.tgz",
      "integrity": "sha512-k92I/b08q4wvFscXCLvqfsHCrjrF7yiXsQuIVvVE7N82W3+aqpzuUdBbfhWcy/FZR3/4IgflMgKLOsvPDrGCJA==",
      "dev": true,
      "dependencies": {
        "once": "^1.3.0",
        "wrappy": "1"
      }
    },
    "node_modules/inherits": {
      "version": "2.0.4",
      "resolved": "https://registry.npmjs.org/inherits/-/inherits-2.0.4.tgz",
      "integrity": "sha512-k/vGaX4/Yla3WzyMCvTQOXYeIHvqOKtnqBduzTHpzpQZzAskKMhZ2K+EnBiSM9zGSoIFeMpXKxa4dYeZIQqewQ==",
      "dev": true
    },
    "node_modules/jasmine": {
      "version": "3.8.0",
      "resolved": "https://registry.npmjs.org/jasmine/-/jasmine-3.8.0.tgz",
      "integrity": "sha512-kdQ3SfcNpMbbMdgJPLyFe9IksixdnrgYaCJapP9sS0aLgdWdIZADNXEr+11Zafxm1VDfRSC5ZL4fzXT0bexzXw==",
      "dev": true,
      "dependencies": {
        "glob": "^7.1.6",
        "jasmine-core": "~3.8.0"
      },
      "bin": {
        "jasmine": "bin/jasmine.js"
      }
    },
    "node_modules/jasmine-axe": {
      "version": "1.1.0",
      "resolved": "https://registry.npmjs.org/jasmine-axe/-/jasmine-axe-1.1.0.tgz",
      "integrity": "sha512-t3uCFU1oUHVUyWNeOgG4F/3rnatMJDGFQrybUldFaApUuirR6B6JGjXOlin5pzA5cd8zvBli33Kb27UlTNRcjw==",
      "dependencies": {
        "axe-core": "^4.1.3",
        "lodash.merge": "^4.6.2"
      }
    },
    "node_modules/jasmine-core": {
      "version": "3.8.0",
      "resolved": "https://registry.npmjs.org/jasmine-core/-/jasmine-core-3.8.0.tgz",
      "integrity": "sha512-zl0nZWDrmbCiKns0NcjkFGYkVTGCPUgoHypTaj+G2AzaWus7QGoXARSlYsSle2VRpSdfJmM+hzmFKzQNhF2kHg==",
      "dev": true
    },
    "node_modules/json-schema-traverse": {
      "version": "0.4.1",
      "license": "MIT"
    },
    "node_modules/jsonc-parser": {
      "version": "3.0.0",
      "license": "MIT"
    },
    "node_modules/lodash.merge": {
      "version": "4.6.2",
      "resolved": "https://registry.npmjs.org/lodash.merge/-/lodash.merge-4.6.2.tgz",
      "integrity": "sha512-0KpjqXRVvrYyCsX1swR/XTK0va6VQkQM6MNo7PqW77ByjAhoARA8EfrP1N4+KlKj8YS0ZUCtRT/YUuhyYDujIQ=="
    },
    "node_modules/magic-string": {
      "version": "0.25.7",
      "license": "MIT",
      "dependencies": {
        "sourcemap-codec": "^1.4.4"
      }
    },
    "node_modules/minimatch": {
      "version": "3.1.2",
      "resolved": "https://registry.npmjs.org/minimatch/-/minimatch-3.1.2.tgz",
      "integrity": "sha512-J7p63hRiAjw1NDEww1W7i37+ByIrOWO5XQQAzZ3VOcL0PNybwpfmV/N05zFAzwQ9USyEcX6t3UO+K5aqBQOIHw==",
      "dev": true,
      "dependencies": {
        "brace-expansion": "^1.1.7"
      },
      "engines": {
        "node": "*"
      }
    },
    "node_modules/once": {
      "version": "1.4.0",
      "resolved": "https://registry.npmjs.org/once/-/once-1.4.0.tgz",
      "integrity": "sha512-lNaJgI+2Q5URQBkccEKHTQOPaXdUxnZZElQTZY0MFUAuaEqe1E+Nyvgdz/aIyNi6Z9MzO5dv1H8n58/GELp3+w==",
      "dev": true,
      "dependencies": {
        "wrappy": "1"
      }
    },
    "node_modules/ora": {
      "version": "5.3.0",
      "license": "MIT",
      "dependencies": {
        "bl": "^4.0.3",
        "chalk": "^4.1.0",
        "cli-cursor": "^3.1.0",
        "cli-spinners": "^2.5.0",
        "is-interactive": "^1.0.0",
        "log-symbols": "^4.0.0",
        "strip-ansi": "^6.0.0",
        "wcwidth": "^1.0.1"
      },
      "engines": {
        "node": ">=10"
      },
      "funding": {
        "url": "https://github.com/sponsors/sindresorhus"
      }
    },
    "node_modules/path-is-absolute": {
      "version": "1.0.1",
      "resolved": "https://registry.npmjs.org/path-is-absolute/-/path-is-absolute-1.0.1.tgz",
      "integrity": "sha512-AVbw3UJ2e9bq64vSaS9Am0fje1Pa8pbGqTTsmXfaIiMpnr5DlDhfJOuLj9Sf95ZPVDAUerDfEk88MPmPe7UCQg==",
      "dev": true,
      "engines": {
        "node": ">=0.10.0"
      }
    },
    "node_modules/rxjs": {
      "version": "6.6.7",
      "license": "Apache-2.0",
      "dependencies": {
        "tslib": "^1.9.0"
      },
      "engines": {
        "npm": ">=2.0.0"
      }
    },
    "node_modules/source-map": {
      "version": "0.7.3",
      "license": "BSD-3-Clause",
      "engines": {
        "node": ">= 8"
      }
    },
    "node_modules/supports-color": {
      "version": "7.2.0",
      "license": "MIT",
      "dependencies": {
        "has-flag": "^4.0.0"
      },
      "engines": {
        "node": ">=8"
      }
    },
    "node_modules/tslib": {
      "version": "1.14.1",
      "license": "0BSD"
    },
    "node_modules/typescript": {
      "version": "4.1.6",
      "license": "Apache-2.0",
      "bin": {
        "tsc": "bin/tsc",
        "tsserver": "bin/tsserver"
      },
      "engines": {
        "node": ">=4.2.0"
      }
    },
    "node_modules/wrappy": {
      "version": "1.0.2",
      "resolved": "https://registry.npmjs.org/wrappy/-/wrappy-1.0.2.tgz",
      "integrity": "sha512-l4Sp/DRseor9wL6EvV2+TuQn63dMkPjZ/sp9XkghTEbV9KlPS1xUsZ3u7/IQO4wxtcFB4bgpQPRcR3QCvezPcQ==",
      "dev": true
    }
  },
  "dependencies": {
    "@angular-devkit/core": {
      "version": "11.2.19",
      "requires": {
        "ajv": "6.12.6",
        "fast-json-stable-stringify": "2.1.0",
        "magic-string": "0.25.7",
        "rxjs": "6.6.3",
        "source-map": "0.7.3"
      },
      "dependencies": {
        "rxjs": {
          "version": "6.6.3",
          "requires": {
            "tslib": "^1.9.0"
          }
        }
      }
    },
    "@angular-devkit/schematics": {
      "version": "11.2.19",
      "requires": {
        "@angular-devkit/core": "11.2.19",
        "ora": "5.3.0",
        "rxjs": "6.6.3"
      },
      "dependencies": {
        "rxjs": {
          "version": "6.6.3",
          "requires": {
            "tslib": "^1.9.0"
          }
        }
      }
    },
    "@schematics/angular": {
      "version": "11.2.19",
      "requires": {
        "@angular-devkit/core": "11.2.19",
        "@angular-devkit/schematics": "11.2.19",
        "jsonc-parser": "3.0.0"
      }
    },
    "@types/jasmine": {
      "version": "3.5.14",
      "resolved": "https://registry.npmjs.org/@types/jasmine/-/jasmine-3.5.14.tgz",
      "integrity": "sha512-Fkgk536sHPqcOtd+Ow+WiUNuk0TSo/BntKkF8wSvcd6M2FvPjeXcUE6Oz/bwDZiUZEaXLslAgw00Q94Pnx6T4w==",
      "dev": true
    },
    "@types/node": {
      "version": "12.20.55",
      "resolved": "https://registry.npmjs.org/@types/node/-/node-12.20.55.tgz",
      "integrity": "sha512-J8xLz7q2OFulZ2cyGTLE1TbbZcjpno7FaN6zdJNrgAdrJ+DZzh/uFR6YrTb4C+nXakvud8Q4+rbhoIWlYQbUFQ==",
      "dev": true
    },
    "ajv": {
      "version": "6.12.6",
      "requires": {
        "fast-deep-equal": "^3.1.1",
        "fast-json-stable-stringify": "^2.0.0",
        "json-schema-traverse": "^0.4.1",
        "uri-js": "^4.2.2"
      }
    },
    "ansi-styles": {
      "version": "4.3.0",
      "requires": {
        "color-convert": "^2.0.1"
      }
    },
    "axe-core": {
      "version": "4.7.2",
      "resolved": "https://registry.npmjs.org/axe-core/-/axe-core-4.7.2.tgz",
      "integrity": "sha512-zIURGIS1E1Q4pcrMjp+nnEh+16G56eG/MUllJH8yEvw7asDo7Ac9uhC9KIH5jzpITueEZolfYglnCGIuSBz39g=="
    },
    "balanced-match": {
      "version": "1.0.2",
      "resolved": "https://registry.npmjs.org/balanced-match/-/balanced-match-1.0.2.tgz",
      "integrity": "sha512-3oSeUO0TMV67hN1AmbXsK4yaqU7tjiHlbxRDZOpH0KW9+CeX4bRAaX0Anxt0tx2MrpRpWwQaPwIlISEJhYU5Pw==",
      "dev": true
    },
    "brace-expansion": {
      "version": "1.1.11",
      "resolved": "https://registry.npmjs.org/brace-expansion/-/brace-expansion-1.1.11.tgz",
      "integrity": "sha512-iCuPHDFgrHX7H2vEI/5xpz07zSHB00TpugqhmYtVmMO6518mCuRMoOYFldEBl0g187ufozdaHgWKcYFb61qGiA==",
      "dev": true,
      "requires": {
        "balanced-match": "^1.0.0",
        "concat-map": "0.0.1"
      }
    },
    "chalk": {
      "version": "4.1.2",
      "requires": {
        "ansi-styles": "^4.1.0",
        "supports-color": "^7.1.0"
      }
    },
    "color-convert": {
      "version": "2.0.1",
      "requires": {
        "color-name": "~1.1.4"
      }
    },
    "color-name": {
      "version": "1.1.4"
    },
    "concat-map": {
      "version": "0.0.1",
      "resolved": "https://registry.npmjs.org/concat-map/-/concat-map-0.0.1.tgz",
      "integrity": "sha512-/Srv4dswyQNBfohGpz9o6Yb3Gz3SrUDqBH5rTuhGR7ahtlbYKnVxw2bCFMRljaA7EXHaXZ8wsHdodFvbkhKmqg==",
      "dev": true
    },
    "fs.realpath": {
      "version": "1.0.0",
      "resolved": "https://registry.npmjs.org/fs.realpath/-/fs.realpath-1.0.0.tgz",
      "integrity": "sha512-OO0pH2lK6a0hZnAdau5ItzHPI6pUlvI7jMVnxUQRtw4owF2wk8lOSabtGDCTP4Ggrg2MbGnWO9X8K1t4+fGMDw==",
      "dev": true
    },
    "glob": {
      "version": "7.2.3",
      "resolved": "https://registry.npmjs.org/glob/-/glob-7.2.3.tgz",
      "integrity": "sha512-nFR0zLpU2YCaRxwoCJvL6UvCH2JFyFVIvwTLsIf21AuHlMskA1hhTdk+LlYJtOlYt9v6dvszD2BGRqBL+iQK9Q==",
      "dev": true,
      "requires": {
        "fs.realpath": "^1.0.0",
        "inflight": "^1.0.4",
        "inherits": "2",
        "minimatch": "^3.1.1",
        "once": "^1.3.0",
        "path-is-absolute": "^1.0.0"
      }
    },
    "has-flag": {
      "version": "4.0.0"
    },
    "inflight": {
      "version": "1.0.6",
      "resolved": "https://registry.npmjs.org/inflight/-/inflight-1.0.6.tgz",
      "integrity": "sha512-k92I/b08q4wvFscXCLvqfsHCrjrF7yiXsQuIVvVE7N82W3+aqpzuUdBbfhWcy/FZR3/4IgflMgKLOsvPDrGCJA==",
      "dev": true,
      "requires": {
        "once": "^1.3.0",
        "wrappy": "1"
      }
    },
    "inherits": {
      "version": "2.0.4",
      "resolved": "https://registry.npmjs.org/inherits/-/inherits-2.0.4.tgz",
      "integrity": "sha512-k/vGaX4/Yla3WzyMCvTQOXYeIHvqOKtnqBduzTHpzpQZzAskKMhZ2K+EnBiSM9zGSoIFeMpXKxa4dYeZIQqewQ==",
      "dev": true
    },
    "jasmine": {
      "version": "3.8.0",
      "resolved": "https://registry.npmjs.org/jasmine/-/jasmine-3.8.0.tgz",
      "integrity": "sha512-kdQ3SfcNpMbbMdgJPLyFe9IksixdnrgYaCJapP9sS0aLgdWdIZADNXEr+11Zafxm1VDfRSC5ZL4fzXT0bexzXw==",
      "dev": true,
      "requires": {
        "glob": "^7.1.6",
        "jasmine-core": "~3.8.0"
      }
    },
    "jasmine-axe": {
      "version": "1.1.0",
      "resolved": "https://registry.npmjs.org/jasmine-axe/-/jasmine-axe-1.1.0.tgz",
      "integrity": "sha512-t3uCFU1oUHVUyWNeOgG4F/3rnatMJDGFQrybUldFaApUuirR6B6JGjXOlin5pzA5cd8zvBli33Kb27UlTNRcjw==",
      "requires": {
        "axe-core": "^4.1.3",
        "lodash.merge": "^4.6.2"
      }
    },
    "jasmine-core": {
      "version": "3.8.0",
      "resolved": "https://registry.npmjs.org/jasmine-core/-/jasmine-core-3.8.0.tgz",
      "integrity": "sha512-zl0nZWDrmbCiKns0NcjkFGYkVTGCPUgoHypTaj+G2AzaWus7QGoXARSlYsSle2VRpSdfJmM+hzmFKzQNhF2kHg==",
      "dev": true
    },
    "json-schema-traverse": {
      "version": "0.4.1"
    },
    "jsonc-parser": {
      "version": "3.0.0"
    },
    "lodash.merge": {
      "version": "4.6.2",
      "resolved": "https://registry.npmjs.org/lodash.merge/-/lodash.merge-4.6.2.tgz",
      "integrity": "sha512-0KpjqXRVvrYyCsX1swR/XTK0va6VQkQM6MNo7PqW77ByjAhoARA8EfrP1N4+KlKj8YS0ZUCtRT/YUuhyYDujIQ=="
    },
    "magic-string": {
      "version": "0.25.7",
      "requires": {
        "sourcemap-codec": "^1.4.4"
      }
    },
    "minimatch": {
      "version": "3.1.2",
      "resolved": "https://registry.npmjs.org/minimatch/-/minimatch-3.1.2.tgz",
      "integrity": "sha512-J7p63hRiAjw1NDEww1W7i37+ByIrOWO5XQQAzZ3VOcL0PNybwpfmV/N05zFAzwQ9USyEcX6t3UO+K5aqBQOIHw==",
      "dev": true,
      "requires": {
        "brace-expansion": "^1.1.7"
      }
    },
    "once": {
      "version": "1.4.0",
      "resolved": "https://registry.npmjs.org/once/-/once-1.4.0.tgz",
      "integrity": "sha512-lNaJgI+2Q5URQBkccEKHTQOPaXdUxnZZElQTZY0MFUAuaEqe1E+Nyvgdz/aIyNi6Z9MzO5dv1H8n58/GELp3+w==",
      "dev": true,
      "requires": {
        "wrappy": "1"
      }
    },
    "ora": {
      "version": "5.3.0",
      "requires": {
        "bl": "^4.0.3",
        "chalk": "^4.1.0",
        "cli-cursor": "^3.1.0",
        "cli-spinners": "^2.5.0",
        "is-interactive": "^1.0.0",
        "log-symbols": "^4.0.0",
        "strip-ansi": "^6.0.0",
        "wcwidth": "^1.0.1"
      }
    },
    "path-is-absolute": {
      "version": "1.0.1",
      "resolved": "https://registry.npmjs.org/path-is-absolute/-/path-is-absolute-1.0.1.tgz",
      "integrity": "sha512-AVbw3UJ2e9bq64vSaS9Am0fje1Pa8pbGqTTsmXfaIiMpnr5DlDhfJOuLj9Sf95ZPVDAUerDfEk88MPmPe7UCQg==",
      "dev": true
    },
    "rxjs": {
      "version": "6.6.7",
      "requires": {
        "tslib": "^1.9.0"
      }
    },
    "source-map": {
      "version": "0.7.3"
    },
    "supports-color": {
      "version": "7.2.0",
      "requires": {
        "has-flag": "^4.0.0"
      }
    },
    "tslib": {
      "version": "1.14.1"
    },
    "typescript": {
      "version": "4.1.6"
    },
    "wrappy": {
      "version": "1.0.2",
      "resolved": "https://registry.npmjs.org/wrappy/-/wrappy-1.0.2.tgz",
      "integrity": "sha512-l4Sp/DRseor9wL6EvV2+TuQn63dMkPjZ/sp9XkghTEbV9KlPS1xUsZ3u7/IQO4wxtcFB4bgpQPRcR3QCvezPcQ==",
      "dev": true
    }
  }
}
